
Microsoft Visual Studio Solution File, Format Version 12.00
# Visual Studio Version 16
VisualStudioVersion = 16.0.29123.88
MinimumVisualStudioVersion = 10.0.40219.1
Project("{FAE04EC0-301F-11D3-BF4B-00C04F79EFBC}") = "LankaStocks", "LankaStocks\LankaStocks.csproj", "{EDA7EF77-28C8-4F1F-A022-214799B08705}"
EndProject
Project("{54435603-DBB4-11D2-8724-00A0C9A8B90C}") = "LankaStocks.Installer", "LankaStocks.Installer\LankaStocks.Installer.vdproj", "{675F0437-C3BD-48AD-B85E-A18B23312B22}"
EndProject
Project("{FAE04EC0-301F-11D3-BF4B-00C04F79EFBC}") = "LankaStocks.dev", "LankaStocks.dev\LankaStocks.dev.csproj", "{CE7E9D72-D7D8-45D2-AA0C-C5A0691BBD4F}"
EndProject
Global
	GlobalSection(SolutionConfigurationPlatforms) = preSolution
		Debug|Any CPU = Debug|Any CPU
		Release|Any CPU = Release|Any CPU
	EndGlobalSection
	GlobalSection(ProjectConfigurationPlatforms) = postSolution
		{EDA7EF77-28C8-4F1F-A022-214799B08705}.Debug|Any CPU.ActiveCfg = Debug|Any CPU
		{EDA7EF77-28C8-4F1F-A022-214799B08705}.Debug|Any CPU.Build.0 = Debug|Any CPU
		{EDA7EF77-28C8-4F1F-A022-214799B08705}.Release|Any CPU.ActiveCfg = Release|Any CPU
		{EDA7EF77-28C8-4F1F-A022-214799B08705}.Release|Any CPU.Build.0 = Release|Any CPU
		{675F0437-C3BD-48AD-B85E-A18B23312B22}.Debug|Any CPU.ActiveCfg = Debug
		{675F0437-C3BD-48AD-B85E-A18B23312B22}.Release|Any CPU.ActiveCfg = Release
		{CE7E9D72-D7D8-45D2-AA0C-C5A0691BBD4F}.Debug|Any CPU.ActiveCfg = Debug|Any CPU
		{CE7E9D72-D7D8-45D2-AA0C-C5A0691BBD4F}.Debug|Any CPU.Build.0 = Debug|Any CPU
		{CE7E9D72-D7D8-45D2-AA0C-C5A0691BBD4F}.Release|Any CPU.ActiveCfg = Release|Any CPU
		{CE7E9D72-D7D8-45D2-AA0C-C5A0691BBD4F}.Release|Any CPU.Build.0 = Release|Any CPU
	EndGlobalSection
	GlobalSection(SolutionProperties) = preSolution
		HideSolutionNode = FALSE
	EndGlobalSection
	GlobalSection(ExtensibilityGlobals) = postSolution
		SolutionGuid = {2FA1C37C-ECDC-4C02-8077-6CF461248054}
	EndGlobalSection
EndGlobal
